// !$*UTF8*$!
{
	archiveVersion = 1;
	classes = {
	};
	objectVersion = 50;
	objects = {

/* Begin PBXBuildFile section */
		C5430B2B24D5A66400684DB0 /* swiftTracker WatchKit App.app in Embed Watch Content */ = {isa = PBXBuildFile; fileRef = C5430B2A24D5A66400684DB0 /* swiftTracker WatchKit App.app */; settings = {ATTRIBUTES = (RemoveHeadersOnCopy, ); }; };
		C5430B3124D5A66400684DB0 /* Interface.storyboard in Resources */ = {isa = PBXBuildFile; fileRef = C5430B2F24D5A66400684DB0 /* Interface.storyboard */; };
		C5430B3324D5A66700684DB0 /* Assets.xcassets in Resources */ = {isa = PBXBuildFile; fileRef = C5430B3224D5A66700684DB0 /* Assets.xcassets */; };
		C5430B3A24D5A66700684DB0 /* swiftTracker WatchKit Extension.appex in Embed App Extensions */ = {isa = PBXBuildFile; fileRef = C5430B3924D5A66700684DB0 /* swiftTracker WatchKit Extension.appex */; settings = {ATTRIBUTES = (RemoveHeadersOnCopy, ); }; };
		C5430B3F24D5A66700684DB0 /* ContentView.swift in Sources */ = {isa = PBXBuildFile; fileRef = C5430B3E24D5A66700684DB0 /* ContentView.swift */; };
		C5430B4124D5A66700684DB0 /* HostingController.swift in Sources */ = {isa = PBXBuildFile; fileRef = C5430B4024D5A66700684DB0 /* HostingController.swift */; };
		C5430B4324D5A66700684DB0 /* ExtensionDelegate.swift in Sources */ = {isa = PBXBuildFile; fileRef = C5430B4224D5A66700684DB0 /* ExtensionDelegate.swift */; };
		C5430B4524D5A66700684DB0 /* NotificationController.swift in Sources */ = {isa = PBXBuildFile; fileRef = C5430B4424D5A66700684DB0 /* NotificationController.swift */; };
		C5430B4724D5A66700684DB0 /* NotificationView.swift in Sources */ = {isa = PBXBuildFile; fileRef = C5430B4624D5A66700684DB0 /* NotificationView.swift */; };
		C5430B4924D5A66700684DB0 /* ComplicationController.swift in Sources */ = {isa = PBXBuildFile; fileRef = C5430B4824D5A66700684DB0 /* ComplicationController.swift */; };
		C5430B4B24D5A66800684DB0 /* Assets.xcassets in Resources */ = {isa = PBXBuildFile; fileRef = C5430B4A24D5A66800684DB0 /* Assets.xcassets */; };
		C5430B4E24D5A66800684DB0 /* Preview Assets.xcassets in Resources */ = {isa = PBXBuildFile; fileRef = C5430B4D24D5A66800684DB0 /* Preview Assets.xcassets */; };
		C5430B6324D5A74500684DB0 /* TrackerView.swift in Sources */ = {isa = PBXBuildFile; fileRef = C5430B6224D5A74500684DB0 /* TrackerView.swift */; };
		C5430B6524D5AD3800684DB0 /* Country.swift in Sources */ = {isa = PBXBuildFile; fileRef = C5430B6424D5AD3800684DB0 /* Country.swift */; };
		C5430B6724D5AE6F00684DB0 /* covidService.swift in Sources */ = {isa = PBXBuildFile; fileRef = C5430B6624D5AE6F00684DB0 /* covidService.swift */; };
		C5430B6924D5AEF900684DB0 /* Covid.swift in Sources */ = {isa = PBXBuildFile; fileRef = C5430B6824D5AEF900684DB0 /* Covid.swift */; };
		C5430B6B24D5B08700684DB0 /* CovidViewModel.swift in Sources */ = {isa = PBXBuildFile; fileRef = C5430B6A24D5B08700684DB0 /* CovidViewModel.swift */; };
/* End PBXBuildFile section */

/* Begin PBXContainerItemProxy section */
		C5430B2C24D5A66400684DB0 /* PBXContainerItemProxy */ = {
			isa = PBXContainerItemProxy;
			containerPortal = C5430B2024D5A66300684DB0 /* Project object */;
			proxyType = 1;
			remoteGlobalIDString = C5430B2924D5A66400684DB0;
			remoteInfo = "swiftTracker WatchKit App";
		};
		C5430B3B24D5A66700684DB0 /* PBXContainerItemProxy */ = {
			isa = PBXContainerItemProxy;
			containerPortal = C5430B2024D5A66300684DB0 /* Project object */;
			proxyType = 1;
			remoteGlobalIDString = C5430B3824D5A66700684DB0;
			remoteInfo = "swiftTracker WatchKit Extension";
		};
/* End PBXContainerItemProxy section */

/* Begin PBXCopyFilesBuildPhase section */
		C5430B5624D5A66800684DB0 /* Embed App Extensions */ = {
			isa = PBXCopyFilesBuildPhase;
			buildActionMask = 2147483647;
			dstPath = "";
			dstSubfolderSpec = 13;
			files = (
				C5430B3A24D5A66700684DB0 /* swiftTracker WatchKit Extension.appex in Embed App Extensions */,
			);
			name = "Embed App Extensions";
			runOnlyForDeploymentPostprocessing = 0;
		};
		C5430B5A24D5A66800684DB0 /* Embed Watch Content */ = {
			isa = PBXCopyFilesBuildPhase;
			buildActionMask = 2147483647;
			dstPath = "$(CONTENTS_FOLDER_PATH)/Watch";
			dstSubfolderSpec = 16;
			files = (
				C5430B2B24D5A66400684DB0 /* swiftTracker WatchKit App.app in Embed Watch Content */,
			);
			name = "Embed Watch Content";
			runOnlyForDeploymentPostprocessing = 0;
		};
/* End PBXCopyFilesBuildPhase section */

/* Begin PBXFileReference section */
		C5430B2624D5A66300684DB0 /* swiftTracker.app */ = {isa = PBXFileReference; explicitFileType = wrapper.application; includeInIndex = 0; path = swiftTracker.app; sourceTree = BUILT_PRODUCTS_DIR; };
		C5430B2A24D5A66400684DB0 /* swiftTracker WatchKit App.app */ = {isa = PBXFileReference; explicitFileType = wrapper.application; includeInIndex = 0; path = "swiftTracker WatchKit App.app"; sourceTree = BUILT_PRODUCTS_DIR; };
		C5430B3024D5A66400684DB0 /* Base */ = {isa = PBXFileReference; lastKnownFileType = file.storyboard; name = Base; path = Base.lproj/Interface.storyboard; sourceTree = "<group>"; };
		C5430B3224D5A66700684DB0 /* Assets.xcassets */ = {isa = PBXFileReference; lastKnownFileType = folder.assetcatalog; path = Assets.xcassets; sourceTree = "<group>"; };
		C5430B3424D5A66700684DB0 /* Info.plist */ = {isa = PBXFileReference; lastKnownFileType = text.plist.xml; path = Info.plist; sourceTree = "<group>"; };
		C5430B3924D5A66700684DB0 /* swiftTracker WatchKit Extension.appex */ = {isa = PBXFileReference; explicitFileType = "wrapper.app-extension"; includeInIndex = 0; path = "swiftTracker WatchKit Extension.appex"; sourceTree = BUILT_PRODUCTS_DIR; };
		C5430B3E24D5A66700684DB0 /* ContentView.swift */ = {isa = PBXFileReference; lastKnownFileType = sourcecode.swift; path = ContentView.swift; sourceTree = "<group>"; };
		C5430B4024D5A66700684DB0 /* HostingController.swift */ = {isa = PBXFileReference; lastKnownFileType = sourcecode.swift; path = HostingController.swift; sourceTree = "<group>"; };
		C5430B4224D5A66700684DB0 /* ExtensionDelegate.swift */ = {isa = PBXFileReference; lastKnownFileType = sourcecode.swift; path = ExtensionDelegate.swift; sourceTree = "<group>"; };
		C5430B4424D5A66700684DB0 /* NotificationController.swift */ = {isa = PBXFileReference; lastKnownFileType = sourcecode.swift; path = NotificationController.swift; sourceTree = "<group>"; };
		C5430B4624D5A66700684DB0 /* NotificationView.swift */ = {isa = PBXFileReference; lastKnownFileType = sourcecode.swift; path = NotificationView.swift; sourceTree = "<group>"; };
		C5430B4824D5A66700684DB0 /* ComplicationController.swift */ = {isa = PBXFileReference; lastKnownFileType = sourcecode.swift; path = ComplicationController.swift; sourceTree = "<group>"; };
		C5430B4A24D5A66800684DB0 /* Assets.xcassets */ = {isa = PBXFileReference; lastKnownFileType = folder.assetcatalog; path = Assets.xcassets; sourceTree = "<group>"; };
		C5430B4D24D5A66800684DB0 /* Preview Assets.xcassets */ = {isa = PBXFileReference; lastKnownFileType = folder.assetcatalog; path = "Preview Assets.xcassets"; sourceTree = "<group>"; };
		C5430B4F24D5A66800684DB0 /* Info.plist */ = {isa = PBXFileReference; lastKnownFileType = text.plist.xml; path = Info.plist; sourceTree = "<group>"; };
		C5430B5024D5A66800684DB0 /* PushNotificationPayload.apns */ = {isa = PBXFileReference; lastKnownFileType = text; path = PushNotificationPayload.apns; sourceTree = "<group>"; };
		C5430B6224D5A74500684DB0 /* TrackerView.swift */ = {isa = PBXFileReference; lastKnownFileType = sourcecode.swift; path = TrackerView.swift; sourceTree = "<group>"; };
		C5430B6424D5AD3800684DB0 /* Country.swift */ = {isa = PBXFileReference; lastKnownFileType = sourcecode.swift; path = Country.swift; sourceTree = "<group>"; };
		C5430B6624D5AE6F00684DB0 /* covidService.swift */ = {isa = PBXFileReference; lastKnownFileType = sourcecode.swift; path = covidService.swift; sourceTree = "<group>"; };
		C5430B6824D5AEF900684DB0 /* Covid.swift */ = {isa = PBXFileReference; lastKnownFileType = sourcecode.swift; path = Covid.swift; sourceTree = "<group>"; };
		C5430B6A24D5B08700684DB0 /* CovidViewModel.swift */ = {isa = PBXFileReference; lastKnownFileType = sourcecode.swift; path = CovidViewModel.swift; sourceTree = "<group>"; };
/* End PBXFileReference section */

/* Begin PBXFrameworksBuildPhase section */
		C5430B3624D5A66700684DB0 /* Frameworks */ = {
			isa = PBXFrameworksBuildPhase;
			buildActionMask = 2147483647;
			files = (
			);
			runOnlyForDeploymentPostprocessing = 0;
		};
/* End PBXFrameworksBuildPhase section */

/* Begin PBXGroup section */
		C5430B1F24D5A66300684DB0 = {
			isa = PBXGroup;
			children = (
				C5430B2E24D5A66400684DB0 /* swiftTracker WatchKit App */,
				C5430B3D24D5A66700684DB0 /* swiftTracker WatchKit Extension */,
				C5430B2724D5A66300684DB0 /* Products */,
			);
			sourceTree = "<group>";
		};
		C5430B2724D5A66300684DB0 /* Products */ = {
			isa = PBXGroup;
			children = (
				C5430B2624D5A66300684DB0 /* swiftTracker.app */,
				C5430B2A24D5A66400684DB0 /* swiftTracker WatchKit App.app */,
				C5430B3924D5A66700684DB0 /* swiftTracker WatchKit Extension.appex */,
			);
			name = Products;
			sourceTree = "<group>";
		};
		C5430B2E24D5A66400684DB0 /* swiftTracker WatchKit App */ = {
			isa = PBXGroup;
			children = (
				C5430B2F24D5A66400684DB0 /* Interface.storyboard */,
				C5430B3224D5A66700684DB0 /* Assets.xcassets */,
				C5430B3424D5A66700684DB0 /* Info.plist */,
			);
			path = "swiftTracker WatchKit App";
			sourceTree = "<group>";
		};
		C5430B3D24D5A66700684DB0 /* swiftTracker WatchKit Extension */ = {
			isa = PBXGroup;
			children = (
				C5430B6124D5A6A100684DB0 /* Models */,
				C5430B6024D5A69C00684DB0 /* Views */,
				C5430B5F24D5A69400684DB0 /* View Models */,
				C5430B5E24D5A68A00684DB0 /* Services */,
				C5430B4024D5A66700684DB0 /* HostingController.swift */,
				C5430B4224D5A66700684DB0 /* ExtensionDelegate.swift */,
				C5430B4424D5A66700684DB0 /* NotificationController.swift */,
				C5430B4624D5A66700684DB0 /* NotificationView.swift */,
				C5430B4824D5A66700684DB0 /* ComplicationController.swift */,
				C5430B4A24D5A66800684DB0 /* Assets.xcassets */,
				C5430B4F24D5A66800684DB0 /* Info.plist */,
				C5430B5024D5A66800684DB0 /* PushNotificationPayload.apns */,
				C5430B4C24D5A66800684DB0 /* Preview Content */,
			);
			path = "swiftTracker WatchKit Extension";
			sourceTree = "<group>";
		};
		C5430B4C24D5A66800684DB0 /* Preview Content */ = {
			isa = PBXGroup;
			children = (
				C5430B4D24D5A66800684DB0 /* Preview Assets.xcassets */,
			);
			path = "Preview Content";
			sourceTree = "<group>";
		};
		C5430B5E24D5A68A00684DB0 /* Services */ = {
			isa = PBXGroup;
			children = (
				C5430B6624D5AE6F00684DB0 /* covidService.swift */,
			);
			path = Services;
			sourceTree = "<group>";
		};
		C5430B5F24D5A69400684DB0 /* View Models */ = {
			isa = PBXGroup;
			children = (
				C5430B6A24D5B08700684DB0 /* CovidViewModel.swift */,
			);
			path = "View Models";
			sourceTree = "<group>";
		};
		C5430B6024D5A69C00684DB0 /* Views */ = {
			isa = PBXGroup;
			children = (
				C5430B3E24D5A66700684DB0 /* ContentView.swift */,
				C5430B6224D5A74500684DB0 /* TrackerView.swift */,
			);
			path = Views;
			sourceTree = "<group>";
		};
		C5430B6124D5A6A100684DB0 /* Models */ = {
			isa = PBXGroup;
			children = (
				C5430B6824D5AEF900684DB0 /* Covid.swift */,
				C5430B6424D5AD3800684DB0 /* Country.swift */,
			);
			path = Models;
			sourceTree = "<group>";
		};
/* End PBXGroup section */

/* Begin PBXNativeTarget section */
		C5430B2524D5A66300684DB0 /* swiftTracker */ = {
			isa = PBXNativeTarget;
			buildConfigurationList = C5430B5B24D5A66800684DB0 /* Build configuration list for PBXNativeTarget "swiftTracker" */;
			buildPhases = (
				C5430B2424D5A66300684DB0 /* Resources */,
				C5430B5A24D5A66800684DB0 /* Embed Watch Content */,
			);
			buildRules = (
			);
			dependencies = (
				C5430B2D24D5A66400684DB0 /* PBXTargetDependency */,
			);
			name = swiftTracker;
			productName = swiftTracker;
			productReference = C5430B2624D5A66300684DB0 /* swiftTracker.app */;
			productType = "com.apple.product-type.application.watchapp2-container";
		};
		C5430B2924D5A66400684DB0 /* swiftTracker WatchKit App */ = {
			isa = PBXNativeTarget;
			buildConfigurationList = C5430B5724D5A66800684DB0 /* Build configuration list for PBXNativeTarget "swiftTracker WatchKit App" */;
			buildPhases = (
				C5430B2824D5A66400684DB0 /* Resources */,
				C5430B5624D5A66800684DB0 /* Embed App Extensions */,
			);
			buildRules = (
			);
			dependencies = (
				C5430B3C24D5A66700684DB0 /* PBXTargetDependency */,
			);
			name = "swiftTracker WatchKit App";
			productName = "swiftTracker WatchKit App";
			productReference = C5430B2A24D5A66400684DB0 /* swiftTracker WatchKit App.app */;
			productType = "com.apple.product-type.application.watchapp2";
		};
		C5430B3824D5A66700684DB0 /* swiftTracker WatchKit Extension */ = {
			isa = PBXNativeTarget;
			buildConfigurationList = C5430B5324D5A66800684DB0 /* Build configuration list for PBXNativeTarget "swiftTracker WatchKit Extension" */;
			buildPhases = (
				C5430B3524D5A66700684DB0 /* Sources */,
				C5430B3624D5A66700684DB0 /* Frameworks */,
				C5430B3724D5A66700684DB0 /* Resources */,
			);
			buildRules = (
			);
			dependencies = (
			);
			name = "swiftTracker WatchKit Extension";
			productName = "swiftTracker WatchKit Extension";
			productReference = C5430B3924D5A66700684DB0 /* swiftTracker WatchKit Extension.appex */;
			productType = "com.apple.product-type.watchkit2-extension";
		};
/* End PBXNativeTarget section */

/* Begin PBXProject section */
		C5430B2024D5A66300684DB0 /* Project object */ = {
			isa = PBXProject;
			attributes = {
				LastSwiftUpdateCheck = 1160;
				LastUpgradeCheck = 1160;
				ORGANIZATIONNAME = ho.wai.loon;
				TargetAttributes = {
					C5430B2524D5A66300684DB0 = {
						CreatedOnToolsVersion = 11.6;
					};
					C5430B2924D5A66400684DB0 = {
						CreatedOnToolsVersion = 11.6;
					};
					C5430B3824D5A66700684DB0 = {
						CreatedOnToolsVersion = 11.6;
					};
				};
			};
			buildConfigurationList = C5430B2324D5A66300684DB0 /* Build configuration list for PBXProject "swiftTracker" */;
			compatibilityVersion = "Xcode 9.3";
			developmentRegion = en;
			hasScannedForEncodings = 0;
			knownRegions = (
				en,
				Base,
			);
			mainGroup = C5430B1F24D5A66300684DB0;
			productRefGroup = C5430B2724D5A66300684DB0 /* Products */;
			projectDirPath = "";
			projectRoot = "";
			targets = (
				C5430B2524D5A66300684DB0 /* swiftTracker */,
				C5430B2924D5A66400684DB0 /* swiftTracker WatchKit App */,
				C5430B3824D5A66700684DB0 /* swiftTracker WatchKit Extension */,
			);
		};
/* End PBXProject section */

/* Begin PBXResourcesBuildPhase section */
		C5430B2424D5A66300684DB0 /* Resources */ = {
			isa = PBXResourcesBuildPhase;
			buildActionMask = 2147483647;
			files = (
			);
			runOnlyForDeploymentPostprocessing = 0;
		};
		C5430B2824D5A66400684DB0 /* Resources */ = {
			isa = PBXResourcesBuildPhase;
			buildActionMask = 2147483647;
			files = (
				C5430B3324D5A66700684DB0 /* Assets.xcassets in Resources */,
				C5430B3124D5A66400684DB0 /* Interface.storyboard in Resources */,
			);
			runOnlyForDeploymentPostprocessing = 0;
		};
		C5430B3724D5A66700684DB0 /* Resources */ = {
			isa = PBXResourcesBuildPhase;
			buildActionMask = 2147483647;
			files = (
				C5430B4E24D5A66800684DB0 /* Preview Assets.xcassets in Resources */,
				C5430B4B24D5A66800684DB0 /* Assets.xcassets in Resources */,
			);
			runOnlyForDeploymentPostprocessing = 0;
		};
/* End PBXResourcesBuildPhase section */

/* Begin PBXSourcesBuildPhase section */
		C5430B3524D5A66700684DB0 /* Sources */ = {
			isa = PBXSourcesBuildPhase;
			buildActionMask = 2147483647;
			files = (
				C5430B4124D5A66700684DB0 /* HostingController.swift in Sources */,
				C5430B3F24D5A66700684DB0 /* ContentView.swift in Sources */,
				C5430B6324D5A74500684DB0 /* TrackerView.swift in Sources */,
				C5430B6724D5AE6F00684DB0 /* covidService.swift in Sources */,
				C5430B4524D5A66700684DB0 /* NotificationController.swift in Sources */,
				C5430B6B24D5B08700684DB0 /* CovidViewModel.swift in Sources */,
				C5430B6524D5AD3800684DB0 /* Country.swift in Sources */,
				C5430B4324D5A66700684DB0 /* ExtensionDelegate.swift in Sources */,
				C5430B4724D5A66700684DB0 /* NotificationView.swift in Sources */,
				C5430B4924D5A66700684DB0 /* ComplicationController.swift in Sources */,
				C5430B6924D5AEF900684DB0 /* Covid.swift in Sources */,
			);
			runOnlyForDeploymentPostprocessing = 0;
		};
/* End PBXSourcesBuildPhase section */

/* Begin PBXTargetDependency section */
		C5430B2D24D5A66400684DB0 /* PBXTargetDependency */ = {
			isa = PBXTargetDependency;
			target = C5430B2924D5A66400684DB0 /* swiftTracker WatchKit App */;
			targetProxy = C5430B2C24D5A66400684DB0 /* PBXContainerItemProxy */;
		};
		C5430B3C24D5A66700684DB0 /* PBXTargetDependency */ = {
			isa = PBXTargetDependency;
			target = C5430B3824D5A66700684DB0 /* swiftTracker WatchKit Extension */;
			targetProxy = C5430B3B24D5A66700684DB0 /* PBXContainerItemProxy */;
		};
/* End PBXTargetDependency section */

/* Begin PBXVariantGroup section */
		C5430B2F24D5A66400684DB0 /* Interface.storyboard */ = {
			isa = PBXVariantGroup;
			children = (
				C5430B3024D5A66400684DB0 /* Base */,
			);
			name = Interface.storyboard;
			sourceTree = "<group>";
		};
/* End PBXVariantGroup section */

/* Begin XCBuildConfiguration section */
		C5430B5124D5A66800684DB0 /* Debug */ = {
			isa = XCBuildConfiguration;
			buildSettings = {
				ALWAYS_SEARCH_USER_PATHS = NO;
				CLANG_ANALYZER_NONNULL = YES;
				CLANG_ANALYZER_NUMBER_OBJECT_CONVERSION = YES_AGGRESSIVE;
				CLANG_CXX_LANGUAGE_STANDARD = "gnu++14";
				CLANG_CXX_LIBRARY = "libc++";
				CLANG_ENABLE_MODULES = YES;
				CLANG_ENABLE_OBJC_ARC = YES;
				CLANG_ENABLE_OBJC_WEAK = YES;
				CLANG_WARN_BLOCK_CAPTURE_AUTORELEASING = YES;
				CLANG_WARN_BOOL_CONVERSION = YES;
				CLANG_WARN_COMMA = YES;
				CLANG_WARN_CONSTANT_CONVERSION = YES;
				CLANG_WARN_DEPRECATED_OBJC_IMPLEMENTATIONS = YES;
				CLANG_WARN_DIRECT_OBJC_ISA_USAGE = YES_ERROR;
				CLANG_WARN_DOCUMENTATION_COMMENTS = YES;
				CLANG_WARN_EMPTY_BODY = YES;
				CLANG_WARN_ENUM_CONVERSION = YES;
				CLANG_WARN_INFINITE_RECURSION = YES;
				CLANG_WARN_INT_CONVERSION = YES;
				CLANG_WARN_NON_LITERAL_NULL_CONVERSION = YES;
				CLANG_WARN_OBJC_IMPLICIT_RETAIN_SELF = YES;
				CLANG_WARN_OBJC_LITERAL_CONVERSION = YES;
				CLANG_WARN_OBJC_ROOT_CLASS = YES_ERROR;
				CLANG_WARN_RANGE_LOOP_ANALYSIS = YES;
				CLANG_WARN_STRICT_PROTOTYPES = YES;
				CLANG_WARN_SUSPICIOUS_MOVE = YES;
				CLANG_WARN_UNGUARDED_AVAILABILITY = YES_AGGRESSIVE;
				CLANG_WARN_UNREACHABLE_CODE = YES;
				CLANG_WARN__DUPLICATE_METHOD_MATCH = YES;
				COPY_PHASE_STRIP = NO;
				DEBUG_INFORMATION_FORMAT = dwarf;
				ENABLE_STRICT_OBJC_MSGSEND = YES;
				ENABLE_TESTABILITY = YES;
				GCC_C_LANGUAGE_STANDARD = gnu11;
				GCC_DYNAMIC_NO_PIC = NO;
				GCC_NO_COMMON_BLOCKS = YES;
				GCC_OPTIMIZATION_LEVEL = 0;
				GCC_PREPROCESSOR_DEFINITIONS = (
					"DEBUG=1",
					"$(inherited)",
				);
				GCC_WARN_64_TO_32_BIT_CONVERSION = YES;
				GCC_WARN_ABOUT_RETURN_TYPE = YES_ERROR;
				GCC_WARN_UNDECLARED_SELECTOR = YES;
				GCC_WARN_UNINITIALIZED_AUTOS = YES_AGGRESSIVE;
				GCC_WARN_UNUSED_FUNCTION = YES;
				GCC_WARN_UNUSED_VARIABLE = YES;
				MTL_ENABLE_DEBUG_INFO = INCLUDE_SOURCE;
				MTL_FAST_MATH = YES;
				ONLY_ACTIVE_ARCH = YES;
				SDKROOT = iphoneos;
				SWIFT_ACTIVE_COMPILATION_CONDITIONS = DEBUG;
				SWIFT_OPTIMIZATION_LEVEL = "-Onone";
			};
			name = Debug;
		};
		C5430B5224D5A66800684DB0 /* Release */ = {
			isa = XCBuildConfiguration;
			buildSettings = {
				ALWAYS_SEARCH_USER_PATHS = NO;
				CLANG_ANALYZER_NONNULL = YES;
				CLANG_ANALYZER_NUMBER_OBJECT_CONVERSION = YES_AGGRESSIVE;
				CLANG_CXX_LANGUAGE_STANDARD = "gnu++14";
				CLANG_CXX_LIBRARY = "libc++";
				CLANG_ENABLE_MODULES = YES;
				CLANG_ENABLE_OBJC_ARC = YES;
				CLANG_ENABLE_OBJC_WEAK = YES;
				CLANG_WARN_BLOCK_CAPTURE_AUTORELEASING = YES;
				CLANG_WARN_BOOL_CONVERSION = YES;
				CLANG_WARN_COMMA = YES;
				CLANG_WARN_CONSTANT_CONVERSION = YES;
				CLANG_WARN_DEPRECATED_OBJC_IMPLEMENTATIONS = YES;
				CLANG_WARN_DIRECT_OBJC_ISA_USAGE = YES_ERROR;
				CLANG_WARN_DOCUMENTATION_COMMENTS = YES;
				CLANG_WARN_EMPTY_BODY = YES;
				CLANG_WARN_ENUM_CONVERSION = YES;
				CLANG_WARN_INFINITE_RECURSION = YES;
				CLANG_WARN_INT_CONVERSION = YES;
				CLANG_WARN_NON_LITERAL_NULL_CONVERSION = YES;
				CLANG_WARN_OBJC_IMPLICIT_RETAIN_SELF = YES;
				CLANG_WARN_OBJC_LITERAL_CONVERSION = YES;
				CLANG_WARN_OBJC_ROOT_CLASS = YES_ERROR;
				CLANG_WARN_RANGE_LOOP_ANALYSIS = YES;
				CLANG_WARN_STRICT_PROTOTYPES = YES;
				CLANG_WARN_SUSPICIOUS_MOVE = YES;
				CLANG_WARN_UNGUARDED_AVAILABILITY = YES_AGGRESSIVE;
				CLANG_WARN_UNREACHABLE_CODE = YES;
				CLANG_WARN__DUPLICATE_METHOD_MATCH = YES;
				COPY_PHASE_STRIP = NO;
				DEBUG_INFORMATION_FORMAT = "dwarf-with-dsym";
				ENABLE_NS_ASSERTIONS = NO;
				ENABLE_STRICT_OBJC_MSGSEND = YES;
				GCC_C_LANGUAGE_STANDARD = gnu11;
				GCC_NO_COMMON_BLOCKS = YES;
				GCC_WARN_64_TO_32_BIT_CONVERSION = YES;
				GCC_WARN_ABOUT_RETURN_TYPE = YES_ERROR;
				GCC_WARN_UNDECLARED_SELECTOR = YES;
				GCC_WARN_UNINITIALIZED_AUTOS = YES_AGGRESSIVE;
				GCC_WARN_UNUSED_FUNCTION = YES;
				GCC_WARN_UNUSED_VARIABLE = YES;
				MTL_ENABLE_DEBUG_INFO = NO;
				MTL_FAST_MATH = YES;
				SDKROOT = iphoneos;
				SWIFT_COMPILATION_MODE = wholemodule;
				SWIFT_OPTIMIZATION_LEVEL = "-O";
				VALIDATE_PRODUCT = YES;
			};
			name = Release;
		};
		C5430B5424D5A66800684DB0 /* Debug */ = {
			isa = XCBuildConfiguration;
			buildSettings = {
				ASSETCATALOG_COMPILER_COMPLICATION_NAME = Complication;
				CODE_SIGN_STYLE = Automatic;
				DEVELOPMENT_ASSET_PATHS = "\"swiftTracker WatchKit Extension/Preview Content\"";
				ENABLE_PREVIEWS = YES;
				INFOPLIST_FILE = "swiftTracker WatchKit Extension/Info.plist";
				LD_RUNPATH_SEARCH_PATHS = (
					"$(inherited)",
					"@executable_path/Frameworks",
					"@executable_path/../../Frameworks",
				);
				PRODUCT_BUNDLE_IDENTIFIER = shanewl.swiftTracker.watchkitapp.watchkitextension;
				PRODUCT_NAME = "${TARGET_NAME}";
				SDKROOT = watchos;
				SKIP_INSTALL = YES;
				SWIFT_VERSION = 5.0;
				TARGETED_DEVICE_FAMILY = 4;
				WATCHOS_DEPLOYMENT_TARGET = 6.2;
			};
			name = Debug;
		};
		C5430B5524D5A66800684DB0 /* Release */ = {
			isa = XCBuildConfiguration;
			buildSettings = {
				ASSETCATALOG_COMPILER_COMPLICATION_NAME = Complication;
				CODE_SIGN_STYLE = Automatic;
				DEVELOPMENT_ASSET_PATHS = "\"swiftTracker WatchKit Extension/Preview Content\"";
				ENABLE_PREVIEWS = YES;
				INFOPLIST_FILE = "swiftTracker WatchKit Extension/Info.plist";
				LD_RUNPATH_SEARCH_PATHS = (
					"$(inherited)",
					"@executable_path/Frameworks",
					"@executable_path/../../Frameworks",
				);
				PRODUCT_BUNDLE_IDENTIFIER = shanewl.swiftTracker.watchkitapp.watchkitextension;
				PRODUCT_NAME = "${TARGET_NAME}";
				SDKROOT = watchos;
				SKIP_INSTALL = YES;
				SWIFT_VERSION = 5.0;
				TARGETED_DEVICE_FAMILY = 4;
				WATCHOS_DEPLOYMENT_TARGET = 6.2;
			};
			name = Release;
		};
		C5430B5824D5A66800684DB0 /* Debug */ = {
			isa = XCBuildConfiguration;
			buildSettings = {
				ALWAYS_EMBED_SWIFT_STANDARD_LIBRARIES = YES;
				ASSETCATALOG_COMPILER_APPICON_NAME = AppIcon;
				CODE_SIGN_STYLE = Automatic;
				IBSC_MODULE = swiftTracker_WatchKit_Extension;
				INFOPLIST_FILE = "swiftTracker WatchKit App/Info.plist";
				PRODUCT_BUNDLE_IDENTIFIER = shanewl.swiftTracker.watchkitapp;
				PRODUCT_NAME = "$(TARGET_NAME)";
				SDKROOT = watchos;
				SKIP_INSTALL = YES;
				SWIFT_VERSION = 5.0;
				TARGETED_DEVICE_FAMILY = 4;
				WATCHOS_DEPLOYMENT_TARGET = 6.2;
			};
			name = Debug;
		};
		C5430B5924D5A66800684DB0 /* Release */ = {
			isa = XCBuildConfiguration;
			buildSettings = {
				ALWAYS_EMBED_SWIFT_STANDARD_LIBRARIES = YES;
				ASSETCATALOG_COMPILER_APPICON_NAME = AppIcon;
				CODE_SIGN_STYLE = Automatic;
				IBSC_MODULE = swiftTracker_WatchKit_Extension;
				INFOPLIST_FILE = "swiftTracker WatchKit App/Info.plist";
				PRODUCT_BUNDLE_IDENTIFIER = shanewl.swiftTracker.watchkitapp;
				PRODUCT_NAME = "$(TARGET_NAME)";
				SDKROOT = watchos;
				SKIP_INSTALL = YES;
				SWIFT_VERSION = 5.0;
				TARGETED_DEVICE_FAMILY = 4;
				WATCHOS_DEPLOYMENT_TARGET = 6.2;
			};
			name = Release;
		};
		C5430B5C24D5A66800684DB0 /* Debug */ = {
			isa = XCBuildConfiguration;
			buildSettings = {
				CODE_SIGN_STYLE = Automatic;
				CURRENT_PROJECT_VERSION = 1;
				MARKETING_VERSION = 1.0;
				PRODUCT_BUNDLE_IDENTIFIER = shanewl.swiftTracker;
				PRODUCT_NAME = "$(TARGET_NAME)";
				SWIFT_VERSION = 5.0;
			};
			name = Debug;
		};
		C5430B5D24D5A66800684DB0 /* Release */ = {
			isa = XCBuildConfiguration;
			buildSettings = {
				CODE_SIGN_STYLE = Automatic;
				CURRENT_PROJECT_VERSION = 1;
				MARKETING_VERSION = 1.0;
				PRODUCT_BUNDLE_IDENTIFIER = shanewl.swiftTracker;
				PRODUCT_NAME = "$(TARGET_NAME)";
				SWIFT_VERSION = 5.0;
			};
			name = Release;
		};
/* End XCBuildConfiguration section */

/* Begin XCConfigurationList section */
		C5430B2324D5A66300684DB0 /* Build configuration list for PBXProject "swiftTracker" */ = {
			isa = XCConfigurationList;
			buildConfigurations = (
				C5430B5124D5A66800684DB0 /* Debug */,
				C5430B5224D5A66800684DB0 /* Release */,
			);
			defaultConfigurationIsVisible = 0;
			defaultConfigurationName = Release;
		};
		C5430B5324D5A66800684DB0 /* Build configuration list for PBXNativeTarget "swiftTracker WatchKit Extension" */ = {
			isa = XCConfigurationList;
			buildConfigurations = (
				C5430B5424D5A66800684DB0 /* Debug */,
				C5430B5524D5A66800684DB0 /* Release */,
			);
			defaultConfigurationIsVisible = 0;
			defaultConfigurationName = Release;
		};
		C5430B5724D5A66800684DB0 /* Build configuration list for PBXNativeTarget "swiftTracker WatchKit App" */ = {
			isa = XCConfigurationList;
			buildConfigurations = (
				C5430B5824D5A66800684DB0 /* Debug */,
				C5430B5924D5A66800684DB0 /* Release */,
			);
			defaultConfigurationIsVisible = 0;
			defaultConfigurationName = Release;
		};
		C5430B5B24D5A66800684DB0 /* Build configuration list for PBXNativeTarget "swiftTracker" */ = {
			isa = XCConfigurationList;
			buildConfigurations = (
				C5430B5C24D5A66800684DB0 /* Debug */,
				C5430B5D24D5A66800684DB0 /* Release */,
			);
			defaultConfigurationIsVisible = 0;
			defaultConfigurationName = Release;
		};
/* End XCConfigurationList section */
	};
	rootObject = C5430B2024D5A66300684DB0 /* Project object */;
}
